
Microsoft Visual Studio Solution File, Format Version 12.00
# Visual Studio 15
VisualStudioVersion = 15.0.28307.539
MinimumVisualStudioVersion = 10.0.40219.1
Project("{FAE04EC0-301F-11D3-BF4B-00C04F79EFBC}") = "ClusterMonitoring", "ClusterMonitoring\ClusterMonitoring.csproj", "{58E578FE-C8F6-4E27-86AB-277A11940F1E}"
EndProject
Global
	GlobalSection(SolutionConfigurationPlatforms) = preSolution
		Debug|Any CPU = Debug|Any CPU
		Debug|x64 = Debug|x64
		Release|Any CPU = Release|Any CPU
		Release|x64 = Release|x64
	EndGlobalSection
	GlobalSection(ProjectConfigurationPlatforms) = postSolution
		{58E578FE-C8F6-4E27-86AB-277A11940F1E}.Debug|Any CPU.ActiveCfg = Debug|Any CPU
		{58E578FE-C8F6-4E27-86AB-277A11940F1E}.Debug|Any CPU.Build.0 = Debug|Any CPU
		{58E578FE-C8F6-4E27-86AB-277A11940F1E}.Debug|x64.ActiveCfg = Debug|x64
		{58E578FE-C8F6-4E27-86AB-277A11940F1E}.Debug|x64.Build.0 = Debug|x64
		{58E578FE-C8F6-4E27-86AB-277A11940F1E}.Release|Any CPU.ActiveCfg = Release|Any CPU
		{58E578FE-C8F6-4E27-86AB-277A11940F1E}.Release|Any CPU.Build.0 = Release|Any CPU
		{58E578FE-C8F6-4E27-86AB-277A11940F1E}.Release|x64.ActiveCfg = Release|x64
		{58E578FE-C8F6-4E27-86AB-277A11940F1E}.Release|x64.Build.0 = Release|x64
	EndGlobalSection
	GlobalSection(SolutionProperties) = preSolution
		HideSolutionNode = FALSE
	EndGlobalSection
	GlobalSection(ExtensibilityGlobals) = postSolution
		SolutionGuid = {42C7C4D3-11E3-4E58-BCA3-ECCD71D35BE9}
	EndGlobalSection
EndGlobal
